
Microsoft Visual Studio Solution File, Format Version 12.00
# Visual Studio Version 16
VisualStudioVersion = 16.0.30114.105
MinimumVisualStudioVersion = 10.0.40219.1
Project("{2150E333-8FDC-42A3-9474-1A3956D46DE8}") = "src", "src", "{27EB5B67-EAFF-4451-8F05-BC830299F4FC}"
EndProject
Project("{FAE04EC0-301F-11D3-BF4B-00C04F79EFBC}") = "BlazorWasmJsLib", "src\BlazorWasmJsLib.Core\BlazorWasmJsLib.csproj", "{C8B58CBB-EEA1-4496-AB1C-9F1DFB0952A8}"
EndProject
Project("{FAE04EC0-301F-11D3-BF4B-00C04F79EFBC}") = "BlazorWasmJsLib.Lib", "src\BlazorWasmJsLib.Lib\BlazorWasmJsLib.Lib.csproj", "{E8F0F565-81DF-47D3-BE1E-F0AA23BAFC91}"
EndProject
Project("{FAE04EC0-301F-11D3-BF4B-00C04F79EFBC}") = "ComponentLibrary", "src\ComponentLibrary\ComponentLibrary.csproj", "{D4BEC200-223C-4761-AE81-9FD2A3BA5E54}"
EndProject
Global
	GlobalSection(SolutionConfigurationPlatforms) = preSolution
		Debug|Any CPU = Debug|Any CPU
		Release|Any CPU = Release|Any CPU
	EndGlobalSection
	GlobalSection(SolutionProperties) = preSolution
		HideSolutionNode = FALSE
	EndGlobalSection
	GlobalSection(ProjectConfigurationPlatforms) = postSolution
		{C8B58CBB-EEA1-4496-AB1C-9F1DFB0952A8}.Debug|Any CPU.ActiveCfg = Debug|Any CPU
		{C8B58CBB-EEA1-4496-AB1C-9F1DFB0952A8}.Debug|Any CPU.Build.0 = Debug|Any CPU
		{C8B58CBB-EEA1-4496-AB1C-9F1DFB0952A8}.Release|Any CPU.ActiveCfg = Release|Any CPU
		{C8B58CBB-EEA1-4496-AB1C-9F1DFB0952A8}.Release|Any CPU.Build.0 = Release|Any CPU
		{E8F0F565-81DF-47D3-BE1E-F0AA23BAFC91}.Debug|Any CPU.ActiveCfg = Debug|Any CPU
		{E8F0F565-81DF-47D3-BE1E-F0AA23BAFC91}.Debug|Any CPU.Build.0 = Debug|Any CPU
		{E8F0F565-81DF-47D3-BE1E-F0AA23BAFC91}.Release|Any CPU.ActiveCfg = Release|Any CPU
		{E8F0F565-81DF-47D3-BE1E-F0AA23BAFC91}.Release|Any CPU.Build.0 = Release|Any CPU
		{D4BEC200-223C-4761-AE81-9FD2A3BA5E54}.Debug|Any CPU.ActiveCfg = Debug|Any CPU
		{D4BEC200-223C-4761-AE81-9FD2A3BA5E54}.Debug|Any CPU.Build.0 = Debug|Any CPU
		{D4BEC200-223C-4761-AE81-9FD2A3BA5E54}.Release|Any CPU.ActiveCfg = Release|Any CPU
		{D4BEC200-223C-4761-AE81-9FD2A3BA5E54}.Release|Any CPU.Build.0 = Release|Any CPU
	EndGlobalSection
	GlobalSection(NestedProjects) = preSolution
		{C8B58CBB-EEA1-4496-AB1C-9F1DFB0952A8} = {27EB5B67-EAFF-4451-8F05-BC830299F4FC}
		{E8F0F565-81DF-47D3-BE1E-F0AA23BAFC91} = {27EB5B67-EAFF-4451-8F05-BC830299F4FC}
		{D4BEC200-223C-4761-AE81-9FD2A3BA5E54} = {27EB5B67-EAFF-4451-8F05-BC830299F4FC}
	EndGlobalSection
EndGlobal
